
Microsoft Visual Studio Solution File, Format Version 12.00
# Visual Studio Version 17
VisualStudioVersion = 17.8.34525.116
MinimumVisualStudioVersion = 10.0.40219.1
Project("{FAE04EC0-301F-11D3-BF4B-00C04F79EFBC}") = "MovieApp.Web", "MovieApp.Web\MovieApp.Web.csproj", "{AA927F49-45CC-4DD7-87AD-256FE4A7BD72}"
EndProject
Global
	GlobalSection(SolutionConfigurationPlatforms) = preSolution
		Debug|Any CPU = Debug|Any CPU
		Release|Any CPU = Release|Any CPU
	EndGlobalSection
	GlobalSection(ProjectConfigurationPlatforms) = postSolution
		{AA927F49-45CC-4DD7-87AD-256FE4A7BD72}.Debug|Any CPU.ActiveCfg = Debug|Any CPU
		{AA927F49-45CC-4DD7-87AD-256FE4A7BD72}.Debug|Any CPU.Build.0 = Debug|Any CPU
		{AA927F49-45CC-4DD7-87AD-256FE4A7BD72}.Release|Any CPU.ActiveCfg = Release|Any CPU
		{AA927F49-45CC-4DD7-87AD-256FE4A7BD72}.Release|Any CPU.Build.0 = Release|Any CPU
	EndGlobalSection
	GlobalSection(SolutionProperties) = preSolution
		HideSolutionNode = FALSE
	EndGlobalSection
	GlobalSection(ExtensibilityGlobals) = postSolution
		SolutionGuid = {B136ABAD-3FDC-4CC0-AAE3-ABEBD315903D}
	EndGlobalSection
EndGlobal
